
Microsoft Visual Studio Solution File, Format Version 12.00
# Visual Studio Version 16
VisualStudioVersion = 16.0.30320.27
MinimumVisualStudioVersion = 10.0.40219.1
Project("{FAE04EC0-301F-11D3-BF4B-00C04F79EFBC}") = "インフィニティブラックジャック３", "インフィニティブラックジャック３\インフィニティブラックジャック３.csproj", "{54261B2A-1147-4C34-B592-C774E6B46454}"
EndProject
Global
	GlobalSection(SolutionConfigurationPlatforms) = preSolution
		Debug|Any CPU = Debug|Any CPU
		Release|Any CPU = Release|Any CPU
	EndGlobalSection
	GlobalSection(ProjectConfigurationPlatforms) = postSolution
		{54261B2A-1147-4C34-B592-C774E6B46454}.Debug|Any CPU.ActiveCfg = Debug|Any CPU
		{54261B2A-1147-4C34-B592-C774E6B46454}.Debug|Any CPU.Build.0 = Debug|Any CPU
		{54261B2A-1147-4C34-B592-C774E6B46454}.Release|Any CPU.ActiveCfg = Release|Any CPU
		{54261B2A-1147-4C34-B592-C774E6B46454}.Release|Any CPU.Build.0 = Release|Any CPU
	EndGlobalSection
	GlobalSection(SolutionProperties) = preSolution
		HideSolutionNode = FALSE
	EndGlobalSection
	GlobalSection(ExtensibilityGlobals) = postSolution
		SolutionGuid = {B8157E6C-495E-4D2F-89F2-7727BC4869A0}
	EndGlobalSection
EndGlobal
